{
  "requires": true,
  "lockfileVersion": 1,
  "dependencies": {
    "@popperjs/core": {
      "version": "2.9.1",
      "resolved": "https://registry.npmjs.org/@popperjs/core/-/core-2.9.1.tgz",
      "integrity": "sha512-DvJbbn3dUgMxDnJLH+RZQPnXak1h4ZVYQ7CWiFWjQwBFkVajT4rfw2PdpHLTSTwxrYfnoEXkuBiwkDm6tPMQeA=="
    },
    "react-circular-progressbar": {
      "version": "2.0.4",
      "resolved": "https://registry.npmjs.org/react-circular-progressbar/-/react-circular-progressbar-2.0.4.tgz",
      "integrity": "sha512-OfX0ThSxRYEVGaQSt0DlXfyl5w4DbXHsXetyeivmoQrh9xA9bzVPHNf8aAhOIiwiaxX2WYWpLDB3gcpsDJ9oww=="
    }
  }
}
